
Microsoft Visual Studio Solution File, Format Version 12.00
# Visual Studio Version 16
VisualStudioVersion = 16.0.31313.79
MinimumVisualStudioVersion = 10.0.40219.1
Project("{9A19103F-16F7-4668-BE54-9A1E7A4F7556}") = "Domain", "src\Domain\Domain.csproj", "{AA228569-A34C-46B2-9963-2A508BC4B419}"
EndProject
Project("{2150E333-8FDC-42A3-9474-1A3956D46DE8}") = "Core", "Core", "{1199012C-A81F-49DD-98F8-DA6E166A8CF1}"
EndProject
Project("{9A19103F-16F7-4668-BE54-9A1E7A4F7556}") = "Application", "src\Application\Application.csproj", "{A60BDA3C-ACA8-4A87-94F7-0AF07BBECD75}"
EndProject
Project("{2150E333-8FDC-42A3-9474-1A3956D46DE8}") = "Infrastructure", "Infrastructure", "{3D8FD084-8B64-4B8F-A462-A3242A2FE0CB}"
EndProject
Project("{9A19103F-16F7-4668-BE54-9A1E7A4F7556}") = "Infrastructure", "src\Infrastructure\Infrastructure.csproj", "{AF9B629E-B849-46E8-A2A8-CF9963F2B781}"
EndProject
Project("{2150E333-8FDC-42A3-9474-1A3956D46DE8}") = "Client", "Client", "{7021F286-F8D0-4159-A1A9-53D9DF67B3F8}"
EndProject
Project("{9A19103F-16F7-4668-BE54-9A1E7A4F7556}") = "Client.Blazor", "src\Client.Blazor\Client.Blazor.csproj", "{BE3650E5-3AA3-47E3-BE17-4C469A3F3DA9}"
EndProject
Project("{9A19103F-16F7-4668-BE54-9A1E7A4F7556}") = "Client.Shared", "src\Client.Shared\Client.Shared.csproj", "{FCB9303C-45BB-4C98-ACC8-B7A0DB94DBE7}"
EndProject
Project("{9A19103F-16F7-4668-BE54-9A1E7A4F7556}") = "Infrastructure.Shared", "src\Infrastructure.Shared\Infrastructure.Shared.csproj", "{2B8EF67C-F1D9-4D71-8188-2F84387BDF18}"
EndProject
Project("{2150E333-8FDC-42A3-9474-1A3956D46DE8}") = "_Server", "_Server", "{F299A07C-5434-4708-A33D-A72D6F95FFB7}"
EndProject
Project("{9A19103F-16F7-4668-BE54-9A1E7A4F7556}") = "API", "src\API\API.csproj", "{22403C2D-75B2-4FFF-9CFD-F2CFC04B9364}"
EndProject
Project("{2150E333-8FDC-42A3-9474-1A3956D46DE8}") = "src", "src", "{ABB67D09-6A57-46F7-8E94-4A910AA90EA0}"
EndProject
Project("{2150E333-8FDC-42A3-9474-1A3956D46DE8}") = "Blazor", "Blazor", "{799FFDF5-3BF5-4400-B34D-AA5B1DCC90A0}"
EndProject
Project("{9A19103F-16F7-4668-BE54-9A1E7A4F7556}") = "Application.Features", "src\Application.Features\Application.Features.csproj", "{EDDDFBF0-6141-4647-8E04-328F82DAE283}"
EndProject
Project("{2150E333-8FDC-42A3-9474-1A3956D46DE8}") = "_Shared", "_Shared", "{4C7102FF-FE2B-483E-8C11-6FFF44CE4CDE}"
EndProject
Project("{FAE04EC0-301F-11D3-BF4B-00C04F79EFBC}") = "Shared.ViewModels", "Shared.ViewModels\Shared.ViewModels.csproj", "{226B8239-273E-4907-B359-0AB8A9A7A5FC}"
EndProject
Global
	GlobalSection(SolutionConfigurationPlatforms) = preSolution
		Debug|Any CPU = Debug|Any CPU
		Release|Any CPU = Release|Any CPU
	EndGlobalSection
	GlobalSection(ProjectConfigurationPlatforms) = postSolution
		{AA228569-A34C-46B2-9963-2A508BC4B419}.Debug|Any CPU.ActiveCfg = Debug|Any CPU
		{AA228569-A34C-46B2-9963-2A508BC4B419}.Debug|Any CPU.Build.0 = Debug|Any CPU
		{AA228569-A34C-46B2-9963-2A508BC4B419}.Release|Any CPU.ActiveCfg = Release|Any CPU
		{AA228569-A34C-46B2-9963-2A508BC4B419}.Release|Any CPU.Build.0 = Release|Any CPU
		{A60BDA3C-ACA8-4A87-94F7-0AF07BBECD75}.Debug|Any CPU.ActiveCfg = Debug|Any CPU
		{A60BDA3C-ACA8-4A87-94F7-0AF07BBECD75}.Debug|Any CPU.Build.0 = Debug|Any CPU
		{A60BDA3C-ACA8-4A87-94F7-0AF07BBECD75}.Release|Any CPU.ActiveCfg = Release|Any CPU
		{A60BDA3C-ACA8-4A87-94F7-0AF07BBECD75}.Release|Any CPU.Build.0 = Release|Any CPU
		{AF9B629E-B849-46E8-A2A8-CF9963F2B781}.Debug|Any CPU.ActiveCfg = Debug|Any CPU
		{AF9B629E-B849-46E8-A2A8-CF9963F2B781}.Debug|Any CPU.Build.0 = Debug|Any CPU
		{AF9B629E-B849-46E8-A2A8-CF9963F2B781}.Release|Any CPU.ActiveCfg = Release|Any CPU
		{AF9B629E-B849-46E8-A2A8-CF9963F2B781}.Release|Any CPU.Build.0 = Release|Any CPU
		{BE3650E5-3AA3-47E3-BE17-4C469A3F3DA9}.Debug|Any CPU.ActiveCfg = Debug|Any CPU
		{BE3650E5-3AA3-47E3-BE17-4C469A3F3DA9}.Debug|Any CPU.Build.0 = Debug|Any CPU
		{BE3650E5-3AA3-47E3-BE17-4C469A3F3DA9}.Release|Any CPU.ActiveCfg = Release|Any CPU
		{BE3650E5-3AA3-47E3-BE17-4C469A3F3DA9}.Release|Any CPU.Build.0 = Release|Any CPU
		{FCB9303C-45BB-4C98-ACC8-B7A0DB94DBE7}.Debug|Any CPU.ActiveCfg = Debug|Any CPU
		{FCB9303C-45BB-4C98-ACC8-B7A0DB94DBE7}.Debug|Any CPU.Build.0 = Debug|Any CPU
		{FCB9303C-45BB-4C98-ACC8-B7A0DB94DBE7}.Release|Any CPU.ActiveCfg = Release|Any CPU
		{FCB9303C-45BB-4C98-ACC8-B7A0DB94DBE7}.Release|Any CPU.Build.0 = Release|Any CPU
		{2B8EF67C-F1D9-4D71-8188-2F84387BDF18}.Debug|Any CPU.ActiveCfg = Debug|Any CPU
		{2B8EF67C-F1D9-4D71-8188-2F84387BDF18}.Debug|Any CPU.Build.0 = Debug|Any CPU
		{2B8EF67C-F1D9-4D71-8188-2F84387BDF18}.Release|Any CPU.ActiveCfg = Release|Any CPU
		{2B8EF67C-F1D9-4D71-8188-2F84387BDF18}.Release|Any CPU.Build.0 = Release|Any CPU
		{22403C2D-75B2-4FFF-9CFD-F2CFC04B9364}.Debug|Any CPU.ActiveCfg = Debug|Any CPU
		{22403C2D-75B2-4FFF-9CFD-F2CFC04B9364}.Debug|Any CPU.Build.0 = Debug|Any CPU
		{22403C2D-75B2-4FFF-9CFD-F2CFC04B9364}.Release|Any CPU.ActiveCfg = Release|Any CPU
		{22403C2D-75B2-4FFF-9CFD-F2CFC04B9364}.Release|Any CPU.Build.0 = Release|Any CPU
		{EDDDFBF0-6141-4647-8E04-328F82DAE283}.Debug|Any CPU.ActiveCfg = Debug|Any CPU
		{EDDDFBF0-6141-4647-8E04-328F82DAE283}.Debug|Any CPU.Build.0 = Debug|Any CPU
		{EDDDFBF0-6141-4647-8E04-328F82DAE283}.Release|Any CPU.ActiveCfg = Release|Any CPU
		{EDDDFBF0-6141-4647-8E04-328F82DAE283}.Release|Any CPU.Build.0 = Release|Any CPU
		{226B8239-273E-4907-B359-0AB8A9A7A5FC}.Debug|Any CPU.ActiveCfg = Debug|Any CPU
		{226B8239-273E-4907-B359-0AB8A9A7A5FC}.Debug|Any CPU.Build.0 = Debug|Any CPU
		{226B8239-273E-4907-B359-0AB8A9A7A5FC}.Release|Any CPU.ActiveCfg = Release|Any CPU
		{226B8239-273E-4907-B359-0AB8A9A7A5FC}.Release|Any CPU.Build.0 = Release|Any CPU
	EndGlobalSection
	GlobalSection(SolutionProperties) = preSolution
		HideSolutionNode = FALSE
	EndGlobalSection
	GlobalSection(NestedProjects) = preSolution
		{AA228569-A34C-46B2-9963-2A508BC4B419} = {1199012C-A81F-49DD-98F8-DA6E166A8CF1}
		{1199012C-A81F-49DD-98F8-DA6E166A8CF1} = {F299A07C-5434-4708-A33D-A72D6F95FFB7}
		{A60BDA3C-ACA8-4A87-94F7-0AF07BBECD75} = {1199012C-A81F-49DD-98F8-DA6E166A8CF1}
		{3D8FD084-8B64-4B8F-A462-A3242A2FE0CB} = {F299A07C-5434-4708-A33D-A72D6F95FFB7}
		{AF9B629E-B849-46E8-A2A8-CF9963F2B781} = {3D8FD084-8B64-4B8F-A462-A3242A2FE0CB}
		{7021F286-F8D0-4159-A1A9-53D9DF67B3F8} = {ABB67D09-6A57-46F7-8E94-4A910AA90EA0}
		{BE3650E5-3AA3-47E3-BE17-4C469A3F3DA9} = {799FFDF5-3BF5-4400-B34D-AA5B1DCC90A0}
		{FCB9303C-45BB-4C98-ACC8-B7A0DB94DBE7} = {7021F286-F8D0-4159-A1A9-53D9DF67B3F8}
		{2B8EF67C-F1D9-4D71-8188-2F84387BDF18} = {3D8FD084-8B64-4B8F-A462-A3242A2FE0CB}
		{F299A07C-5434-4708-A33D-A72D6F95FFB7} = {ABB67D09-6A57-46F7-8E94-4A910AA90EA0}
		{22403C2D-75B2-4FFF-9CFD-F2CFC04B9364} = {F299A07C-5434-4708-A33D-A72D6F95FFB7}
		{799FFDF5-3BF5-4400-B34D-AA5B1DCC90A0} = {7021F286-F8D0-4159-A1A9-53D9DF67B3F8}
		{EDDDFBF0-6141-4647-8E04-328F82DAE283} = {1199012C-A81F-49DD-98F8-DA6E166A8CF1}
		{4C7102FF-FE2B-483E-8C11-6FFF44CE4CDE} = {ABB67D09-6A57-46F7-8E94-4A910AA90EA0}
		{226B8239-273E-4907-B359-0AB8A9A7A5FC} = {4C7102FF-FE2B-483E-8C11-6FFF44CE4CDE}
	EndGlobalSection
	GlobalSection(ExtensibilityGlobals) = postSolution
		SolutionGuid = {F9E1C4AE-4C63-468F-ACBE-5D1D3B9FB7A1}
	EndGlobalSection
EndGlobal
